{
  "version": 4,
  "terraform_version": "1.3.9",
  "serial": 61,
  "lineage": "a3d45851-a5ab-cf53-27ee-811865530791",
  "outputs": {},
  "resources": [
    {
      "mode": "managed",
      "type": "keycloak_saml_client",
      "name": "saml_client",
      "provider": "provider[\"registry.terraform.io/mrparkers/keycloak\"]",
      "instances": [
        {
          "schema_version": 0,
          "attributes": {
            "assertion_consumer_post_url": "",
            "assertion_consumer_redirect_url": "",
            "authentication_flow_binding_overrides": [],
            "base_url": "",
            "canonicalization_method": "EXCLUSIVE",
            "client_id": "http://35.202.182.80",
            "client_signature_required": true,
            "description": "",
            "enabled": true,
            "encrypt_assertions": true,
            "encryption_certificate": "",
            "encryption_certificate_sha1": "",
            "extra_config": null,
            "force_name_id_format": false,
            "force_post_binding": true,
            "front_channel_logout": true,
            "full_scope_allowed": true,
            "id": "55e5b33f-61f0-48d5-b4ee-b96c0fee9ef8",
            "idp_initiated_sso_relay_state": "",
            "idp_initiated_sso_url_name": "",
            "include_authn_statement": true,
            "login_theme": "",
            "logout_service_post_binding_url": "",
            "logout_service_redirect_binding_url": "",
            "master_saml_processing_url": "",
            "name": "awx",
            "name_id_format": "",
            "realm_id": "tower",
            "root_url": "",
            "sign_assertions": true,
            "sign_documents": true,
            "signature_algorithm": "",
            "signature_key_name": "KEY_ID",
            "signing_certificate": "MIICljCCAX4CCQD28rzf86D/2jANBgkqhkiG9w0BAQsFADANMQswCQYDVQQGEwJUTjAeFw0yMzAyMjgxMDI4MDdaFw0yNDAyMjgxMDI4MDdaMA0xCzAJBgNVBAYTAlROMIIBIjANBgkqhkiG9w0BAQEFAAOCAQ8AMIIBCgKCAQEAvzt0wIxoIqwvp0Zu+NIKnWAMNBCCk5M1tUn4ZY6aEvVFFIMiMKKMoted5Rz1tWARCWrTXFK1h+TZKGNgFIj+iI2WrJ/+hD/Ty8LsHMKmu15Wu+fs4cGF9Zbfl/csHfLZURSrcgLUFoI0Ov5bBdfr/s/h5nf6gyOsVR9ZzD2z29btSrj4Q/wCukyA7HbKHy3HI3zB6jfkmSBj31L1unmQWwE47tNt1HB3qbGlIIcll7OJkmcmcfJTgmHljdu4AkawvL1kkVC6NlS1P2Aq8zc75QhIGGqnube83tccjzYQWQZIhkFapijm+5tG61KdlwThsGfs9zaRJkUacL9hVpVO+QIDAQABMA0GCSqGSIb3DQEBCwUAA4IBAQCQWfhvypl3o77Txy9yNIhpX4NFGwjELx3f3HZxn2PnUuIjGLCGj+OaWCDJ/Gw6rSCAYR/NxFaPHmoyzf6UNGhZzxd2FGi3GlUSwdMB1x1ZpldNNowGfOib1pYbC4ym3CqnHuT13Dwce07QPQPTqd5qiqR7rFTR9HYTqdtVx+peABrLxP/yS6+Uc6NAEKQlOvP3GJNt3FRFQspr31sKZVjUDQzwY1LiEgsT8y7XKorN5UO4JIMTFArBXICL0iweoF/fhqfJSaevSRPeoTLMI+zLqfpeX/C0PHXOqzaK75lcNqaFkai1NhPjwBQBu9FLx4BYZDkHhwUih7TJpiciBVu0",
            "signing_certificate_sha1": "990b40bf1a076ce69de97b6ccc9fafb2e9a41db1",
            "signing_private_key": "MIIEvQIBADANBgkqhkiG9w0BAQEFAASCBKcwggSjAgEAAoIBAQC/O3TAjGgirC+nRm740gqdYAw0EIKTkzW1SfhljpoS9UUUgyIwooyi153lHPW1YBEJatNcUrWH5NkoY2AUiP6IjZasn/6EP9PLwuwcwqa7Xla75+zhwYX1lt+X9ywd8tlRFKtyAtQWgjQ6/lsF1+v+z+Hmd/qDI6xVH1nMPbPb1u1KuPhD/AK6TIDsdsofLccjfMHqN+SZIGPfUvW6eZBbATju023UcHepsaUghyWXs4mSZyZx8lOCYeWN27gCRrC8vWSRULo2VLU/YCrzNzvlCEgYaqe5t7ze1xyPNhBZBkiGQVqmKOb7m0brUp2XBOGwZ+z3NpEmRRpwv2FWlU75AgMBAAECggEABEiUqOt8OaqZtqmBOtmZm0TXgSMNibi2b0Uk50F2eg48aeU2EtjRRaSGyOcJKfLo7skRyvOfVVfu9VSkhlE7QlvJkDxVOyki2WGYYFyL146ZasQbLkNjeMjUYVcMCe+ypnpMDNW7YnWwLdIcv9jCVIbbjIoLdnyKE64MGOMY8EeqRkGrPwlS9kvvS+6xGLUNW7eCL3C2i/1I50xnySAABRyPj9kCr9LOk0LmtMne1ReIvW7W/wKLaJ0Y4p9rswbOXWIlHcjkNKalPNXvfVMqo+n4wBkSJBOVlOlgaerJ3LM0ri6QOtgL0NEbNq6qRMmzhYiuSLzr5/huO3D2N3/XMQKBgQDkRszJkIzY6RF5FUJ38tPxf6cr5SlUbAWvMPctv+WISeMLfBfjkBdOxrOX9ntWDn3oxghI/93eTPMPGdwhxwfiQ+BAGXlAiXN5vZwlwtlErTKLDqBb6E6Gf6YjpnK63aR9m8n74tYf+69DJKzVYz/vra4nlP2mrqij6ND58ki/HwKBgQDWdO9oeXA1veRBwqD1gRO4NXh6/6sqNjOpaypqPZSHhjRhsWl8K6xyd1AE2QexBlr56nA6mC0l1cfcx6aX5bUloe4lLY0wKfDyWtjj1euS7nxWI0gpcCan/FI5NO9RYsgXZ3WN82fwASf/oKcC5EEOC8IsX5IW9GnbAAzOjGXm5wKBgDVOczP+lWVxx6rG1Ca+hc+3R4pwkR4tu4YVoSMF1MvmtSZRbCKv20GCFR4/aL3H1I8u73Bcj6sBvSChoU4h9C1aPFu7lx0C+/xJ0tTek23+I/dlCv1rWir+VAWvMMuCRo8uehRf/DCrzVmYjuOlsaB+plSH7lOmJathCqvTcDlxAoGBAKx5IO3R9LeT/5YPlGm9pIFap4msQxlQvB297T/CRMj12vzStPZDHY51fGpZrUDmzpX9wMKvDmhGVVWvT8EL4bLhV2iZCNq6cGhJPfOGYM4rdN3FxExnQP+LAwm1E99NZYTFFRrTrjysgWGp74d40QUd2czcE97YNKYHlUUsTuvzAoGAQ2pyR/xZJC0Dep2IPgOHa8feppj4CEdmqfjEfxKfnD/N9m7cCUqt/GhZBx3UJOYOWqqtEZADBd4oC82KusKirxl8myLEt8rC0edcUIvD4pKNDonfdEyQGWpYjTYN7knEUjG1oZ7WmF9MRx0I2h7Hah+efhC5HgPUqHmk/ajNOWA=",
            "signing_private_key_sha1": "dfb80963d4692723a7d23463cc594f452d58e6c5",
            "valid_redirect_uris": [
              "http://34.67.39.205/sso/complete/saml"
            ]
          },
          "sensitive_attributes": [],
          "private": "bnVsbA=="
        }
      ]
    },
    {
      "mode": "managed",
      "type": "keycloak_saml_user_attribute_protocol_mapper",
      "name": "user_permanent_id",
      "provider": "provider[\"registry.terraform.io/mrparkers/keycloak\"]",
      "instances": [
        {
          "schema_version": 0,
          "attributes": {
            "client_id": "55e5b33f-61f0-48d5-b4ee-b96c0fee9ef8",
            "client_scope_id": null,
            "friendly_name": "name_id",
            "id": "b486ffd7-1a38-45f4-80f1-eb9e751128e0",
            "name": "user_permanent_id",
            "realm_id": "tower",
            "saml_attribute_name": "name_id",
            "saml_attribute_name_format": "Basic",
            "user_attribute": "uid"
          },
          "sensitive_attributes": [],
          "private": "bnVsbA==",
          "dependencies": [
            "keycloak_saml_client.saml_client"
          ]
        }
      ]
    },
    {
      "mode": "managed",
      "type": "keycloak_saml_user_property_protocol_mapper",
      "name": "email",
      "provider": "provider[\"registry.terraform.io/mrparkers/keycloak\"]",
      "instances": [
        {
          "schema_version": 0,
          "attributes": {
            "client_id": "55e5b33f-61f0-48d5-b4ee-b96c0fee9ef8",
            "client_scope_id": null,
            "friendly_name": "Email",
            "id": "f78233da-d0ec-4725-a301-ba18adcdda0a",
            "name": "email",
            "realm_id": "tower",
            "saml_attribute_name": "email",
            "saml_attribute_name_format": "Basic",
            "user_property": "email"
          },
          "sensitive_attributes": [],
          "private": "bnVsbA==",
          "dependencies": [
            "keycloak_saml_client.saml_client"
          ]
        }
      ]
    },
    {
      "mode": "managed",
      "type": "keycloak_saml_user_property_protocol_mapper",
      "name": "first_name",
      "provider": "provider[\"registry.terraform.io/mrparkers/keycloak\"]",
      "instances": [
        {
          "schema_version": 0,
          "attributes": {
            "client_id": "55e5b33f-61f0-48d5-b4ee-b96c0fee9ef8",
            "client_scope_id": null,
            "friendly_name": "First Name",
            "id": "56431bbb-af11-4d68-9389-5fb58093ede8",
            "name": "first_name",
            "realm_id": "tower",
            "saml_attribute_name": "first_name",
            "saml_attribute_name_format": "Basic",
            "user_property": "firstName"
          },
          "sensitive_attributes": [],
          "private": "bnVsbA==",
          "dependencies": [
            "keycloak_saml_client.saml_client"
          ]
        }
      ]
    },
    {
      "mode": "managed",
      "type": "keycloak_saml_user_property_protocol_mapper",
      "name": "last_name",
      "provider": "provider[\"registry.terraform.io/mrparkers/keycloak\"]",
      "instances": [
        {
          "schema_version": 0,
          "attributes": {
            "client_id": "55e5b33f-61f0-48d5-b4ee-b96c0fee9ef8",
            "client_scope_id": null,
            "friendly_name": "Last Name",
            "id": "fd4759aa-35a6-4682-bc1b-302ae2f6cb6d",
            "name": "last_name",
            "realm_id": "tower",
            "saml_attribute_name": "last_name",
            "saml_attribute_name_format": "Basic",
            "user_property": "lastName"
          },
          "sensitive_attributes": [],
          "private": "bnVsbA==",
          "dependencies": [
            "keycloak_saml_client.saml_client"
          ]
        }
      ]
    },
    {
      "mode": "managed",
      "type": "keycloak_saml_user_property_protocol_mapper",
      "name": "user_name",
      "provider": "provider[\"registry.terraform.io/mrparkers/keycloak\"]",
      "instances": [
        {
          "schema_version": 0,
          "attributes": {
            "client_id": "55e5b33f-61f0-48d5-b4ee-b96c0fee9ef8",
            "client_scope_id": null,
            "friendly_name": "User Name",
            "id": "681376f6-1423-4d48-97e3-9cd3e97236e3",
            "name": "user_name",
            "realm_id": "tower",
            "saml_attribute_name": "username",
            "saml_attribute_name_format": "Basic",
            "user_property": "username"
          },
          "sensitive_attributes": [],
          "private": "bnVsbA==",
          "dependencies": [
            "keycloak_saml_client.saml_client"
          ]
        }
      ]
    }
  ],
  "check_results": null
}
